
Microsoft Visual Studio Solution File, Format Version 12.00
# Visual Studio Version 17
VisualStudioVersion = 17.14.36327.8 d17.14
MinimumVisualStudioVersion = 10.0.40219.1
Project("{8BC9CEB8-8B4A-11D0-8D11-00A0C91BC942}") = "Client", "Client\Client.vcxproj", "{474DCCD6-36B8-4B23-85D3-37B057C34DE7}"
EndProject
Project("{8BC9CEB8-8B4A-11D0-8D11-00A0C91BC942}") = "Engine", "Engine\Engine.vcxproj", "{21C2FB64-F0D8-4161-A19C-83D6415FB916}"
EndProject
Global
	GlobalSection(SolutionConfigurationPlatforms) = preSolution
		Debug|x64 = Debug|x64
		Debug|x86 = Debug|x86
		Release|x64 = Release|x64
		Release|x86 = Release|x86
	EndGlobalSection
	GlobalSection(ProjectConfigurationPlatforms) = postSolution
		{474DCCD6-36B8-4B23-85D3-37B057C34DE7}.Debug|x64.ActiveCfg = Debug|x64
		{474DCCD6-36B8-4B23-85D3-37B057C34DE7}.Debug|x64.Build.0 = Debug|x64
		{474DCCD6-36B8-4B23-85D3-37B057C34DE7}.Debug|x86.ActiveCfg = Debug|Win32
		{474DCCD6-36B8-4B23-85D3-37B057C34DE7}.Debug|x86.Build.0 = Debug|Win32
		{474DCCD6-36B8-4B23-85D3-37B057C34DE7}.Release|x64.ActiveCfg = Release|x64
		{474DCCD6-36B8-4B23-85D3-37B057C34DE7}.Release|x64.Build.0 = Release|x64
		{474DCCD6-36B8-4B23-85D3-37B057C34DE7}.Release|x86.ActiveCfg = Release|Win32
		{474DCCD6-36B8-4B23-85D3-37B057C34DE7}.Release|x86.Build.0 = Release|Win32
		{21C2FB64-F0D8-4161-A19C-83D6415FB916}.Debug|x64.ActiveCfg = Debug|x64
		{21C2FB64-F0D8-4161-A19C-83D6415FB916}.Debug|x64.Build.0 = Debug|x64
		{21C2FB64-F0D8-4161-A19C-83D6415FB916}.Debug|x86.ActiveCfg = Debug|Win32
		{21C2FB64-F0D8-4161-A19C-83D6415FB916}.Debug|x86.Build.0 = Debug|Win32
		{21C2FB64-F0D8-4161-A19C-83D6415FB916}.Release|x64.ActiveCfg = Release|x64
		{21C2FB64-F0D8-4161-A19C-83D6415FB916}.Release|x64.Build.0 = Release|x64
		{21C2FB64-F0D8-4161-A19C-83D6415FB916}.Release|x86.ActiveCfg = Release|Win32
		{21C2FB64-F0D8-4161-A19C-83D6415FB916}.Release|x86.Build.0 = Release|Win32
	EndGlobalSection
	GlobalSection(SolutionProperties) = preSolution
		HideSolutionNode = FALSE
	EndGlobalSection
	GlobalSection(ExtensibilityGlobals) = postSolution
		SolutionGuid = {B47CF012-0422-43D0-9A69-06ADA296BE48}
	EndGlobalSection
EndGlobal
